
Microsoft Visual Studio Solution File, Format Version 12.00
# Visual Studio Version 17
VisualStudioVersion = 17.5.002.0
MinimumVisualStudioVersion = 10.0.40219.1
Project("{9A19103F-16F7-4668-BE54-9A1E7A4F7556}") = "code", "code\code.csproj", "{1D138F67-4D2F-4F7F-8529-4735020684BB}"
EndProject
Global
	GlobalSection(SolutionConfigurationPlatforms) = preSolution
		Debug|Any CPU = Debug|Any CPU
		Release|Any CPU = Release|Any CPU
	EndGlobalSection
	GlobalSection(ProjectConfigurationPlatforms) = postSolution
		{1D138F67-4D2F-4F7F-8529-4735020684BB}.Debug|Any CPU.ActiveCfg = Debug|Any CPU
		{1D138F67-4D2F-4F7F-8529-4735020684BB}.Debug|Any CPU.Build.0 = Debug|Any CPU
		{1D138F67-4D2F-4F7F-8529-4735020684BB}.Release|Any CPU.ActiveCfg = Release|Any CPU
		{1D138F67-4D2F-4F7F-8529-4735020684BB}.Release|Any CPU.Build.0 = Release|Any CPU
	EndGlobalSection
	GlobalSection(SolutionProperties) = preSolution
		HideSolutionNode = FALSE
	EndGlobalSection
	GlobalSection(ExtensibilityGlobals) = postSolution
		SolutionGuid = {78303266-90D8-4833-B20D-A365ADB58352}
	EndGlobalSection
EndGlobal
